
Microsoft Visual Studio Solution File, Format Version 12.00
# Visual Studio Version 17
VisualStudioVersion = 17.4.33403.182
MinimumVisualStudioVersion = 10.0.40219.1
Project("{FAE04EC0-301F-11D3-BF4B-00C04F79EFBC}") = "cvox-convertor", "cvox-convertor.csproj", "{CF8A84B3-2DA4-4203-877C-16A198BA2D97}"
EndProject
Global
	GlobalSection(SolutionConfigurationPlatforms) = preSolution
		Debug|Any CPU = Debug|Any CPU
		Release|Any CPU = Release|Any CPU
	EndGlobalSection
	GlobalSection(ProjectConfigurationPlatforms) = postSolution
		{CF8A84B3-2DA4-4203-877C-16A198BA2D97}.Debug|Any CPU.ActiveCfg = Debug|Any CPU
		{CF8A84B3-2DA4-4203-877C-16A198BA2D97}.Debug|Any CPU.Build.0 = Debug|Any CPU
		{CF8A84B3-2DA4-4203-877C-16A198BA2D97}.Release|Any CPU.ActiveCfg = Release|Any CPU
		{CF8A84B3-2DA4-4203-877C-16A198BA2D97}.Release|Any CPU.Build.0 = Release|Any CPU
	EndGlobalSection
	GlobalSection(SolutionProperties) = preSolution
		HideSolutionNode = FALSE
	EndGlobalSection
	GlobalSection(ExtensibilityGlobals) = postSolution
		SolutionGuid = {B54CCA4C-9F61-477D-89A9-9641D42ABA29}
	EndGlobalSection
EndGlobal
